{
  "name": "sentient-slavery-common",
  "version": "1.0.0",
  "lockfileVersion": 3,
  "requires": true,
  "packages": {
    "": {
      "name": "sentient-slavery-common",
      "version": "1.0.0",
      "devDependencies": {
        "typescript": "^5.6.3"
      },
      "peerDependencies": {
        "@effect/schema": "^0.75.5",
        "effect": "^3.10.15"
      }
    },
    "node_modules/@effect/schema": {
      "version": "0.75.5",
      "resolved": "https://registry.npmjs.org/@effect/schema/-/schema-0.75.5.tgz",
      "integrity": "sha512-TQInulTVCuF+9EIbJpyLP6dvxbQJMphrnRqgexm/Ze39rSjfhJuufF7XvU3SxTgg3HnL7B/kpORTJbHhlE6thw==",
      "license": "MIT",
      "peer": true,
      "dependencies": {
        "fast-check": "^3.21.0"
      },
      "peerDependencies": {
        "effect": "^3.9.2"
      }
    },
    "node_modules/effect": {
      "version": "3.10.15",
      "resolved": "https://registry.npmjs.org/effect/-/effect-3.10.15.tgz",
      "integrity": "sha512-LdczPAFbtij3xGr9i+8PyDtuWdlXjSY5UJ8PKrYrr0DClKfR/OW3j8sxtambWYljzJAYD865KFhv7LdbWdG7VQ==",
      "license": "MIT",
      "peer": true,
      "dependencies": {
        "fast-check": "^3.21.0"
      }
    },
    "node_modules/fast-check": {
      "version": "3.23.1",
      "resolved": "https://registry.npmjs.org/fast-check/-/fast-check-3.23.1.tgz",
      "integrity": "sha512-u/MudsoQEgBUZgR5N1v87vEgybeVYus9VnDVaIkxkkGP2jt54naghQ3PCQHJiogS8U/GavZCUPFfx3Xkp+NaHw==",
      "funding": [
        {
          "type": "individual",
          "url": "https://github.com/sponsors/dubzzz"
        },
        {
          "type": "opencollective",
          "url": "https://opencollective.com/fast-check"
        }
      ],
      "license": "MIT",
      "peer": true,
      "dependencies": {
        "pure-rand": "^6.1.0"
      },
      "engines": {
        "node": ">=8.0.0"
      }
    },
    "node_modules/pure-rand": {
      "version": "6.1.0",
      "resolved": "https://registry.npmjs.org/pure-rand/-/pure-rand-6.1.0.tgz",
      "integrity": "sha512-bVWawvoZoBYpp6yIoQtQXHZjmz35RSVHnUOTefl8Vcjr8snTPY1wnpSPMWekcFwbxI6gtmT7rSYPFvz71ldiOA==",
      "funding": [
        {
          "type": "individual",
          "url": "https://github.com/sponsors/dubzzz"
        },
        {
          "type": "opencollective",
          "url": "https://opencollective.com/fast-check"
        }
      ],
      "license": "MIT",
      "peer": true
    },
    "node_modules/typescript": {
      "version": "5.6.3",
      "resolved": "https://registry.npmjs.org/typescript/-/typescript-5.6.3.tgz",
      "integrity": "sha512-hjcS1mhfuyi4WW8IWtjP7brDrG2cuDZukyrYrSauoXGNgx0S7zceP07adYkJycEr56BOUTNPzbInooiN3fn1qw==",
      "dev": true,
      "license": "Apache-2.0",
      "bin": {
        "tsc": "bin/tsc",
        "tsserver": "bin/tsserver"
      },
      "engines": {
        "node": ">=14.17"
      }
    }
  }
}
